dario.cat/mergo v1.0.0 h1:AGCNq9Evsj31mOgNPcLyXc+4PNABt905YmuqPYYpBWk=
github.com/alibabacloud-go/darabonba-array v0.1.0 h1:vR8s7b1fWAQIjEjWnuF0JiKsCvclSRTfDzZHTYqfufY=
github.com/alibabacloud-go/darabonba-encode-util v0.0.2 h1:1uJGrbsGEVqWcWxrS9MyC2NG0Ax+GpOM5gtupki31XE=
github.com/alibabacloud-go/darabonba-map v0.0.2 h1:qvPnGB4+dJbJIxOOfawxzF3hzMnIpjmafa0qOTp6udc=
github.com/alibabacloud-go/darabonba-string v1.0.2 h1:E714wms5ibdzCqGeYJ9JCFywE5nDyvIXIIQbZVFkkqo=
github.com/alibabacloud-go/debug v1.0.1 h1:MsW9SmUtbb1Fnt3ieC6NNZi6aEwrXfDksD4QA6GSbPg=
github.com/alibabacloud-go/openapi-util v0.1.1 h1:ujGErJjG8ncRW6XtBBMphzHTvCxn4DjrVw4m04HsS28=
github.com/alibabacloud-go/tea v1.3.13 h1:WhGy6LIXaMbBM6VBYcsDCz6K/TPsT1Ri2hPmmZffZ94=
github.com/alibabacloud-go/tea-utils/v2 v2.0.7 h1:WDx5qW3Xa5ZgJ1c8NfqJkF6w+AU5wB8835UdhPr6Ax0=
github.com/aliyun/alibaba-cloud-sdk-go v1.63.107 h1:qagvUyrgOnBIlVRQWOyCZGVKUIYbMBdGdJ104vBpRFU=
github.com/aliyun/alibabacloud-dkms-gcs-go-sdk v0.5.1 h1:nJYyoFP+aqGKgPs9JeZgS1rWQ4NndNR0Zfhh161ZltU=
github.com/aliyun/alibabacloud-dkms-transfer-go-sdk v0.1.9 h1:GCzdF5XjQ6LED6wdvEq2MKSlBQmQDkvYRw2S8Qnbo4Y=
github.com/aliyun/aliyun-secretsmanager-client-go v1.1.5 h1:8S0mtD101RDYa0LXwdoqgN0RxdMmmJYjq8g2mk7/lQ4=
github.com/aliyun/credentials-go v1.4.7 h1:T17dLqEtPUFvjDRRb5giVvLh6dFT8IcNFJJb7MeyCxw=
github.com/davecgh/go-spew v1.1.2-0.20180830191138-d8f796af33cc h1:U9qPSI2PIWSS1VwoXQT9A3Wy9MM3WgvqSxFWenqJduM=
github.com/deckarep/golang-set v1.8.0 h1:sk9/l/KqpunDwP7pSjUg0keiOOLEnOBHzykLrsPppp4=
github.com/go-kratos/kratos/v2 v2.9.1 h1:EGif6/S/aK/RCR5clIbyhioTNyoSrii3FC118jG40Z0=
github.com/golang/protobuf v1.5.4 h1:i7eJL8qZTpSEXOPTxNKhASYpMn+8e5Q6AdndVa1dWek=
github.com/google/go-cmp v0.7.0 h1:wk8382ETsv4JYUZwIsn6YpYiWiBsYLSJiTsyBybVuN8=
github.com/jmespath/go-jmespath v0.4.0 h1:BEgLn5cpjn8UN1mAw4NjwDrS35OdebyEtFe+9YPoQUg=
github.com/jmespath/go-jmespath/internal/testify v1.5.1 h1:shLQSRRSCCPj3f2gpwzGwWFoC7ycTf1rcQZHOlsJ6N8=
github.com/json-iterator/go v1.1.12 h1:PV8peI4a0ysnczrg+LtxykD8LfKY9ML6u2jnxaEnrnM=
github.com/kr/pretty v0.3.1 h1:flRD4NNwYAUpkphVc1HcthR4KEIFJ65n8Mw5qdRn3LE=
github.com/kr/text v0.2.0 h1:5Nx0Ya0ZqY2ygV366QzturHI13Jq95ApcVaJBhpS+AY=
github.com/modern-go/concurrent v0.0.0-20180306012644-bacd9c7ef1dd h1:TRLaZ9cD/w8PVh93nsPXa1VrQ6jlwL5oN8l14QlcNfg=
github.com/modern-go/reflect2 v1.0.2 h1:xBagoLtFs94CBntxluKeaWgTMpvLxC4ur3nMaC9Gz0M=
github.com/opentracing/opentracing-go v1.2.1-0.20220228012449-10b1cf09e00b h1:FfH+VrHHk6Lxt9HdVS0PXzSXFyS2NbZKXv33FYPol0A=
github.com/orcaman/concurrent-map v1.0.0 h1:I/2A2XPCb4IuQWcQhBhSwGfiuybl/J0ev9HDbW65HOY=
github.com/pkg/errors v0.9.1 h1:FEBLx1zS214owpjy7qsBeixbURkuhQAwrK5UwLGTwt4=
github.com/pmezard/go-difflib v1.0.1-0.20181226105442-5d4384ee4fb2 h1:Jamvg5psRIccs7FGNTlIRMkT8wgtp5eCXdBlqhYGL6U=
github.com/rogpeppe/go-internal v1.13.1 h1:KvO1DLK/DRN07sQ1LQKScxyZJuNnedQ5/wKSR38lUII=
github.com/stretchr/testify v1.11.1 h1:7s2iGBzp5EwR7/aIZr8ao5+dra3wiQyKjjFuvgVKu7U=
github.com/tjfoc/gmsm v1.4.1 h1:aMe1GlZb+0bLjn+cKTPEvvn9oUEBlJitaZiiBwsbgho=
github.com/uber/jaeger-client-go v2.30.0+incompatible h1:D6wyKGCecFaSRUpo8lCVbaOOb6ThwMmTEbhRwtKR97o=
github.com/uber/jaeger-lib v2.4.1+incompatible h1:td4jdvLcExb4cBISKIpHuGoVXh+dVKhn2Um6rjCsSsg=
go.uber.org/atomic v1.9.0 h1:ECmE8Bn/WFTYwEW/bpKD3M8VtR/zQVbavAoalC1PYyE=
go.uber.org/goleak v1.3.0 h1:2K3zAYmnTNqV73imy9J1T3WC+gmCePx2hEGkimedGto=
go.uber.org/multierr v1.11.0 h1:blXXJkSxSSfBVBlC76pxqeO+LN3aDfLQo+309xJstO0=
go.uber.org/zap v1.27.0 h1:aJMhYGrd5QSmlpLMr2MftRKl7t8J8PTZPA732ud/XR8=
golang.org/x/crypto v0.43.0 h1:dduJYIi3A3KOfdGOHX8AVZ/jGiyPa3IbBozJ5kNuE04=
golang.org/x/net v0.46.0 h1:giFlY12I07fugqwPuWJi68oOnpfqFnJIJzaIIm2JVV4=
golang.org/x/sync v0.17.0 h1:l60nONMj9l5drqw6jlhIELNv9I0A4OFgRsG9k2oT9Ug=
google.golang.org/protobuf v1.36.10 h1:AYd7cD/uASjIL6Q9LiTjz8JLcrh/88q5UObnmY3aOOE=
gopkg.in/check.v1 v1.0.0-20201130134442-10cb98267c6c h1:Hei/4ADfdWqJk1ZMxUNpqntNwaWcugrBjAiHlqqRiVk=
gopkg.in/ini.v1 v1.67.0 h1:Dgnx+6+nfE+IfzjUEISNeydPJh9AXNNsWbGP9KzCsOA=
gopkg.in/natefinch/lumberjack.v2 v2.2.1 h1:bBRl1b0OH9s/DuPhuXpNl+VtCaJXFZ5/uEFST95x9zc=
gopkg.in/yaml.v2 v2.4.0 h1:D8xgwECY7CYvx+Y2n4sBz93Jn9JRvxdiyyo8CTfuKaY=
gopkg.in/yaml.v3 v3.0.1 h1:fxVm/GzAzEWqLHuvctI91KS9hhNmmWOoWu0XTYJS7CA=
